
Microsoft Visual Studio Solution File, Format Version 12.00
# Visual Studio Version 17
VisualStudioVersion = 17.4.33213.308
MinimumVisualStudioVersion = 10.0.40219.1
Project("{9A19103F-16F7-4668-BE54-9A1E7A4F7556}") = "SimpleRaytracer", "SimpleRaytracer\SimpleRaytracer.csproj", "{885C6F02-F013-4A8D-B0C9-52AD196FAABA}"
EndProject
Project("{9A19103F-16F7-4668-BE54-9A1E7A4F7556}") = "SimpleRaytracer.Gui", "SimpleRaytracer.Gui\SimpleRaytracer.Gui.csproj", "{0A180C54-F905-4BF6-AC6B-89BDF6CBE707}"
EndProject
Project("{2150E333-8FDC-42A3-9474-1A3956D46DE8}") = "Solution Items", "Solution Items", "{13CE8C81-3A78-437C-8382-108DBDC88824}"
	ProjectSection(SolutionItems) = preProject
		README.md = README.md
	EndProjectSection
EndProject
Global
	GlobalSection(SolutionConfigurationPlatforms) = preSolution
		Debug|Any CPU = Debug|Any CPU
		Release|Any CPU = Release|Any CPU
	EndGlobalSection
	GlobalSection(ProjectConfigurationPlatforms) = postSolution
		{885C6F02-F013-4A8D-B0C9-52AD196FAABA}.Debug|Any CPU.ActiveCfg = Debug|Any CPU
		{885C6F02-F013-4A8D-B0C9-52AD196FAABA}.Debug|Any CPU.Build.0 = Debug|Any CPU
		{885C6F02-F013-4A8D-B0C9-52AD196FAABA}.Release|Any CPU.ActiveCfg = Release|Any CPU
		{885C6F02-F013-4A8D-B0C9-52AD196FAABA}.Release|Any CPU.Build.0 = Release|Any CPU
		{0A180C54-F905-4BF6-AC6B-89BDF6CBE707}.Debug|Any CPU.ActiveCfg = Debug|Any CPU
		{0A180C54-F905-4BF6-AC6B-89BDF6CBE707}.Debug|Any CPU.Build.0 = Debug|Any CPU
		{0A180C54-F905-4BF6-AC6B-89BDF6CBE707}.Release|Any CPU.ActiveCfg = Release|Any CPU
		{0A180C54-F905-4BF6-AC6B-89BDF6CBE707}.Release|Any CPU.Build.0 = Release|Any CPU
	EndGlobalSection
	GlobalSection(SolutionProperties) = preSolution
		HideSolutionNode = FALSE
	EndGlobalSection
	GlobalSection(ExtensibilityGlobals) = postSolution
		SolutionGuid = {529A249F-93A5-4EB4-B54A-2CC6751ED8F3}
	EndGlobalSection
EndGlobal
